github.com/HugoBlox/hugo-blox-builder/modules/blox-plugin-netlify v1.1.2 h1:rgavbaIjA9ki73sJ9OkE/yIdUYF2AJALs6NzCg6kC60=
github.com/HugoBlox/hugo-blox-builder/modules/blox-plugin-netlify v1.1.2/go.mod h1:C7jfxMLv1bEUqbM9XDSmEpfOpS8w06OgqNDEcbuRgL4=
github.com/HugoBlox/hugo-blox-builder/modules/blox-tailwind v0.10.0 h1:LZnRHMenSA0UJqVGKS3Unk+W+y2IDiYRzdCaGueoFzc=
github.com/HugoBlox/hugo-blox-builder/modules/blox-tailwind v0.10.0/go.mod h1:iiKLoehg9IqQd0R4jUfhl+wvJCiXPNgV88A/V8iKSLY=
